
Microsoft Visual Studio Solution File, Format Version 12.00
# Visual Studio Version 16
VisualStudioVersion = 16.0.29418.71
MinimumVisualStudioVersion = 10.0.40219.1
Project("{FAE04EC0-301F-11D3-BF4B-00C04F79EFBC}") = "Servicios_Rest", "Servicios_Rest.csproj", "{7E7C6AFC-5CC0-4F7C-B097-E9AD47AB9F05}"
EndProject
Global
	GlobalSection(SolutionConfigurationPlatforms) = preSolution
		Debug|Any CPU = Debug|Any CPU
		Release|Any CPU = Release|Any CPU
	EndGlobalSection
	GlobalSection(ProjectConfigurationPlatforms) = postSolution
		{7E7C6AFC-5CC0-4F7C-B097-E9AD47AB9F05}.Debug|Any CPU.ActiveCfg = Debug|Any CPU
		{7E7C6AFC-5CC0-4F7C-B097-E9AD47AB9F05}.Debug|Any CPU.Build.0 = Debug|Any CPU
		{7E7C6AFC-5CC0-4F7C-B097-E9AD47AB9F05}.Release|Any CPU.ActiveCfg = Release|Any CPU
		{7E7C6AFC-5CC0-4F7C-B097-E9AD47AB9F05}.Release|Any CPU.Build.0 = Release|Any CPU
	EndGlobalSection
	GlobalSection(SolutionProperties) = preSolution
		HideSolutionNode = FALSE
	EndGlobalSection
	GlobalSection(ExtensibilityGlobals) = postSolution
		SolutionGuid = {B8376C13-6D66-4B80-B966-20A46DF43DB8}
	EndGlobalSection
EndGlobal
